
Microsoft Visual Studio Solution File, Format Version 12.00
# Visual Studio Version 17
VisualStudioVersion = 17.11.35208.52
MinimumVisualStudioVersion = 10.0.40219.1
Project("{FAE04EC0-301F-11D3-BF4B-00C04F79EFBC}") = "UserServices", "UserServices\UserServices.csproj", "{F5B0AAC7-51B8-4169-9D80-65D004CB4D04}"
EndProject
Global
	GlobalSection(SolutionConfigurationPlatforms) = preSolution
		Debug|Any CPU = Debug|Any CPU
		Release|Any CPU = Release|Any CPU
	EndGlobalSection
	GlobalSection(ProjectConfigurationPlatforms) = postSolution
		{F5B0AAC7-51B8-4169-9D80-65D004CB4D04}.Debug|Any CPU.ActiveCfg = Debug|Any CPU
		{F5B0AAC7-51B8-4169-9D80-65D004CB4D04}.Debug|Any CPU.Build.0 = Debug|Any CPU
		{F5B0AAC7-51B8-4169-9D80-65D004CB4D04}.Release|Any CPU.ActiveCfg = Release|Any CPU
		{F5B0AAC7-51B8-4169-9D80-65D004CB4D04}.Release|Any CPU.Build.0 = Release|Any CPU
	EndGlobalSection
	GlobalSection(SolutionProperties) = preSolution
		HideSolutionNode = FALSE
	EndGlobalSection
	GlobalSection(ExtensibilityGlobals) = postSolution
		SolutionGuid = {2A076E5C-FAF2-4A68-A08E-F961D538D8D5}
	EndGlobalSection
EndGlobal
